
Microsoft Visual Studio Solution File, Format Version 12.00
# Visual Studio Version 17
VisualStudioVersion = 17.12.35514.174
MinimumVisualStudioVersion = 10.0.40219.1
Project("{FAE04EC0-301F-11D3-BF4B-00C04F79EFBC}") = "FiscoTask", "FiskTaskWF\FiscoTask.csproj", "{D61768BB-4C6C-45A8-85D8-440ED728567E}"
EndProject
Global
	GlobalSection(SolutionConfigurationPlatforms) = preSolution
		Debug|Any CPU = Debug|Any CPU
		Debug|x64 = Debug|x64
		Debug|x86 = Debug|x86
		Release|Any CPU = Release|Any CPU
		Release|x64 = Release|x64
		Release|x86 = Release|x86
	EndGlobalSection
	GlobalSection(ProjectConfigurationPlatforms) = postSolution
		{D61768BB-4C6C-45A8-85D8-440ED728567E}.Debug|Any CPU.ActiveCfg = Debug|Any CPU
		{D61768BB-4C6C-45A8-85D8-440ED728567E}.Debug|Any CPU.Build.0 = Debug|Any CPU
		{D61768BB-4C6C-45A8-85D8-440ED728567E}.Debug|x64.ActiveCfg = Debug|Any CPU
		{D61768BB-4C6C-45A8-85D8-440ED728567E}.Debug|x64.Build.0 = Debug|Any CPU
		{D61768BB-4C6C-45A8-85D8-440ED728567E}.Debug|x86.ActiveCfg = Debug|Any CPU
		{D61768BB-4C6C-45A8-85D8-440ED728567E}.Debug|x86.Build.0 = Debug|Any CPU
		{D61768BB-4C6C-45A8-85D8-440ED728567E}.Release|Any CPU.ActiveCfg = Release|Any CPU
		{D61768BB-4C6C-45A8-85D8-440ED728567E}.Release|Any CPU.Build.0 = Release|Any CPU
		{D61768BB-4C6C-45A8-85D8-440ED728567E}.Release|x64.ActiveCfg = Release|Any CPU
		{D61768BB-4C6C-45A8-85D8-440ED728567E}.Release|x64.Build.0 = Release|Any CPU
		{D61768BB-4C6C-45A8-85D8-440ED728567E}.Release|x86.ActiveCfg = Release|Any CPU
		{D61768BB-4C6C-45A8-85D8-440ED728567E}.Release|x86.Build.0 = Release|Any CPU
	EndGlobalSection
	GlobalSection(SolutionProperties) = preSolution
		HideSolutionNode = FALSE
	EndGlobalSection
	GlobalSection(ExtensibilityGlobals) = postSolution
		SolutionGuid = {85177AE5-FB4B-4FC3-9937-61ECDCCB8A36}
	EndGlobalSection
EndGlobal
